
Microsoft Visual Studio Solution File, Format Version 12.00
# Visual Studio Version 16
VisualStudioVersion = 16.0.32802.440
MinimumVisualStudioVersion = 10.0.40219.1
Project("{888888A0-9F3D-457C-B088-3A5042F75D52}") = "Cluue2", "Cluue2\Cluue2.pyproj", "{9A0FCE3E-3549-4D1E-B525-7168823C02F7}"
EndProject
Global
	GlobalSection(SolutionConfigurationPlatforms) = preSolution
		Debug|Any CPU = Debug|Any CPU
		Release|Any CPU = Release|Any CPU
	EndGlobalSection
	GlobalSection(ProjectConfigurationPlatforms) = postSolution
		{9A0FCE3E-3549-4D1E-B525-7168823C02F7}.Debug|Any CPU.ActiveCfg = Debug|Any CPU
		{9A0FCE3E-3549-4D1E-B525-7168823C02F7}.Release|Any CPU.ActiveCfg = Release|Any CPU
	EndGlobalSection
	GlobalSection(SolutionProperties) = preSolution
		HideSolutionNode = FALSE
	EndGlobalSection
	GlobalSection(ExtensibilityGlobals) = postSolution
		SolutionGuid = {C990D8F9-7002-48E1-939D-3B8396991BC9}
	EndGlobalSection
EndGlobal
